// !$*UTF8*$!
{
	archiveVersion = 1;
	classes = {
	};
	objectVersion = 46;
	objects = {

/* Begin PBXBuildFile section */
		602BD8C0184DA91500BA6F5D /* Foundation.framework in Frameworks */ = {isa = PBXBuildFile; fileRef = 602BD8BF184DA91500BA6F5D /* Foundation.framework */; };
		602BD8C3184DA91500BA6F5D /* main.m in Sources */ = {isa = PBXBuildFile; fileRef = 602BD8C2184DA91500BA6F5D /* main.m */; };
		602BD8CF184DA92D00BA6F5D /* MySingleton.m in Sources */ = {isa = PBXBuildFile; fileRef = 602BD8CE184DA92D00BA6F5D /* MySingleton.m */; };
/* End PBXBuildFile section */

/* Begin PBXCopyFilesBuildPhase section */
		602BD8BA184DA91500BA6F5D /* CopyFiles */ = {
			isa = PBXCopyFilesBuildPhase;
			buildActionMask = 2147483647;
			dstPath = /usr/share/man/man1/;
			dstSubfolderSpec = 0;
			files = (
			);
			runOnlyForDeploymentPostprocessing = 1;
		};
/* End PBXCopyFilesBuildPhase section */

/* Begin PBXFileReference section */
		32282C431E8906C60042D678 /* 单例模式.pages */ = {isa = PBXFileReference; lastKnownFileType = file; path = "单例模式.pages"; sourceTree = "<group>"; };
		602BD8BC184DA91500BA6F5D /* Singleton */ = {isa = PBXFileReference; explicitFileType = "compiled.mach-o.executable"; includeInIndex = 0; path = Singleton; sourceTree = BUILT_PRODUCTS_DIR; };
		602BD8BF184DA91500BA6F5D /* Foundation.framework */ = {isa = PBXFileReference; lastKnownFileType = wrapper.framework; name = Foundation.framework; path = System/Library/Frameworks/Foundation.framework; sourceTree = SDKROOT; };
		602BD8C2184DA91500BA6F5D /* main.m */ = {isa = PBXFileReference; lastKnownFileType = sourcecode.c.objc; path = main.m; sourceTree = "<group>"; };
		602BD8C5184DA91500BA6F5D /* Singleton-Prefix.pch */ = {isa = PBXFileReference; lastKnownFileType = sourcecode.c.h; path = "Singleton-Prefix.pch"; sourceTree = "<group>"; };
		602BD8CD184DA92D00BA6F5D /* MySingleton.h */ = {isa = PBXFileReference; fileEncoding = 4; lastKnownFileType = sourcecode.c.h; path = MySingleton.h; sourceTree = "<group>"; };
		602BD8CE184DA92D00BA6F5D /* MySingleton.m */ = {isa = PBXFileReference; fileEncoding = 4; lastKnownFileType = sourcecode.c.objc; path = MySingleton.m; sourceTree = "<group>"; };
/* End PBXFileReference section */

/* Begin PBXFrameworksBuildPhase section */
		602BD8B9184DA91500BA6F5D /* Frameworks */ = {
			isa = PBXFrameworksBuildPhase;
			buildActionMask = 2147483647;
			files = (
				602BD8C0184DA91500BA6F5D /* Foundation.framework in Frameworks */,
			);
			runOnlyForDeploymentPostprocessing = 0;
		};
/* End PBXFrameworksBuildPhase section */

/* Begin PBXGroup section */
		602BD8B3184DA91500BA6F5D = {
			isa = PBXGroup;
			children = (
				602BD8C1184DA91500BA6F5D /* Singleton */,
				602BD8BE184DA91500BA6F5D /* Frameworks */,
				602BD8BD184DA91500BA6F5D /* Products */,
			);
			sourceTree = "<group>";
		};
		602BD8BD184DA91500BA6F5D /* Products */ = {
			isa = PBXGroup;
			children = (
				602BD8BC184DA91500BA6F5D /* Singleton */,
			);
			name = Products;
			sourceTree = "<group>";
		};
		602BD8BE184DA91500BA6F5D /* Frameworks */ = {
			isa = PBXGroup;
			children = (
				602BD8BF184DA91500BA6F5D /* Foundation.framework */,
			);
			name = Frameworks;
			sourceTree = "<group>";
		};
		602BD8C1184DA91500BA6F5D /* Singleton */ = {
			isa = PBXGroup;
			children = (
				602BD8C2184DA91500BA6F5D /* main.m */,
				32282C431E8906C60042D678 /* 单例模式.pages */,
				602BD8C4184DA91500BA6F5D /* Supporting Files */,
				602BD8CD184DA92D00BA6F5D /* MySingleton.h */,
				602BD8CE184DA92D00BA6F5D /* MySingleton.m */,
			);
			path = Singleton;
			sourceTree = "<group>";
		};
		602BD8C4184DA91500BA6F5D /* Supporting Files */ = {
			isa = PBXGroup;
			children = (
				602BD8C5184DA91500BA6F5D /* Singleton-Prefix.pch */,
			);
			name = "Supporting Files";
			sourceTree = "<group>";
		};
/* End PBXGroup section */

/* Begin PBXNativeTarget section */
		602BD8BB184DA91500BA6F5D /* Singleton */ = {
			isa = PBXNativeTarget;
			buildConfigurationList = 602BD8CA184DA91500BA6F5D /* Build configuration list for PBXNativeTarget "Singleton" */;
			buildPhases = (
				602BD8B8184DA91500BA6F5D /* Sources */,
				602BD8B9184DA91500BA6F5D /* Frameworks */,
				602BD8BA184DA91500BA6F5D /* CopyFiles */,
			);
			buildRules = (
			);
			dependencies = (
			);
			name = Singleton;
			productName = Singleton;
			productReference = 602BD8BC184DA91500BA6F5D /* Singleton */;
			productType = "com.apple.product-type.tool";
		};
/* End PBXNativeTarget section */

/* Begin PBXProject section */
		602BD8B4184DA91500BA6F5D /* Project object */ = {
			isa = PBXProject;
			attributes = {
				LastUpgradeCheck = 0460;
				ORGANIZATIONNAME = yonyou;
			};
			buildConfigurationList = 602BD8B7184DA91500BA6F5D /* Build configuration list for PBXProject "Singleton" */;
			compatibilityVersion = "Xcode 3.2";
			developmentRegion = English;
			hasScannedForEncodings = 0;
			knownRegions = (
				en,
			);
			mainGroup = 602BD8B3184DA91500BA6F5D;
			productRefGroup = 602BD8BD184DA91500BA6F5D /* Products */;
			projectDirPath = "";
			projectRoot = "";
			targets = (
				602BD8BB184DA91500BA6F5D /* Singleton */,
			);
		};
/* End PBXProject section */

/* Begin PBXSourcesBuildPhase section */
		602BD8B8184DA91500BA6F5D /* Sources */ = {
			isa = PBXSourcesBuildPhase;
			buildActionMask = 2147483647;
			files = (
				602BD8C3184DA91500BA6F5D /* main.m in Sources */,
				602BD8CF184DA92D00BA6F5D /* MySingleton.m in Sources */,
			);
			runOnlyForDeploymentPostprocessing = 0;
		};
/* End PBXSourcesBuildPhase section */

/* Begin XCBuildConfiguration section */
		602BD8C8184DA91500BA6F5D /* Debug */ = {
			isa = XCBuildConfiguration;
			buildSettings = {
				ALWAYS_SEARCH_USER_PATHS = NO;
				ARCHS = "$(ARCHS_STANDARD_64_BIT)";
				CLANG_CXX_LANGUAGE_STANDARD = "gnu++0x";
				CLANG_CXX_LIBRARY = "libc++";
				CLANG_WARN_CONSTANT_CONVERSION = YES;
				CLANG_WARN_EMPTY_BODY = YES;
				CLANG_WARN_ENUM_CONVERSION = YES;
				CLANG_WARN_INT_CONVERSION = YES;
				CLANG_WARN__DUPLICATE_METHOD_MATCH = YES;
				COPY_PHASE_STRIP = NO;
				GCC_C_LANGUAGE_STANDARD = gnu99;
				GCC_DYNAMIC_NO_PIC = NO;
				GCC_ENABLE_OBJC_EXCEPTIONS = YES;
				GCC_OPTIMIZATION_LEVEL = 0;
				GCC_PREPROCESSOR_DEFINITIONS = (
					"DEBUG=1",
					"$(inherited)",
				);
				GCC_SYMBOLS_PRIVATE_EXTERN = NO;
				GCC_WARN_64_TO_32_BIT_CONVERSION = YES;
				GCC_WARN_ABOUT_RETURN_TYPE = YES;
				GCC_WARN_UNINITIALIZED_AUTOS = YES;
				GCC_WARN_UNUSED_VARIABLE = YES;
				MACOSX_DEPLOYMENT_TARGET = 10.7;
				ONLY_ACTIVE_ARCH = YES;
				SDKROOT = macosx;
			};
			name = Debug;
		};
		602BD8C9184DA91500BA6F5D /* Release */ = {
			isa = XCBuildConfiguration;
			buildSettings = {
				ALWAYS_SEARCH_USER_PATHS = NO;
				ARCHS = "$(ARCHS_STANDARD_64_BIT)";
				CLANG_CXX_LANGUAGE_STANDARD = "gnu++0x";
				CLANG_CXX_LIBRARY = "libc++";
				CLANG_WARN_CONSTANT_CONVERSION = YES;
				CLANG_WARN_EMPTY_BODY = YES;
				CLANG_WARN_ENUM_CONVERSION = YES;
				CLANG_WARN_INT_CONVERSION = YES;
				CLANG_WARN__DUPLICATE_METHOD_MATCH = YES;
				COPY_PHASE_STRIP = YES;
				DEBUG_INFORMATION_FORMAT = "dwarf-with-dsym";
				GCC_C_LANGUAGE_STANDARD = gnu99;
				GCC_ENABLE_OBJC_EXCEPTIONS = YES;
				GCC_WARN_64_TO_32_BIT_CONVERSION = YES;
				GCC_WARN_ABOUT_RETURN_TYPE = YES;
				GCC_WARN_UNINITIALIZED_AUTOS = YES;
				GCC_WARN_UNUSED_VARIABLE = YES;
				MACOSX_DEPLOYMENT_TARGET = 10.7;
				SDKROOT = macosx;
			};
			name = Release;
		};
		602BD8CB184DA91500BA6F5D /* Debug */ = {
			isa = XCBuildConfiguration;
			buildSettings = {
				GCC_PRECOMPILE_PREFIX_HEADER = YES;
				GCC_PREFIX_HEADER = "Singleton/Singleton-Prefix.pch";
				PRODUCT_NAME = "$(TARGET_NAME)";
			};
			name = Debug;
		};
		602BD8CC184DA91500BA6F5D /* Release */ = {
			isa = XCBuildConfiguration;
			buildSettings = {
				GCC_PRECOMPILE_PREFIX_HEADER = YES;
				GCC_PREFIX_HEADER = "Singleton/Singleton-Prefix.pch";
				PRODUCT_NAME = "$(TARGET_NAME)";
			};
			name = Release;
		};
/* End XCBuildConfiguration section */

/* Begin XCConfigurationList section */
		602BD8B7184DA91500BA6F5D /* Build configuration list for PBXProject "Singleton" */ = {
			isa = XCConfigurationList;
			buildConfigurations = (
				602BD8C8184DA91500BA6F5D /* Debug */,
				602BD8C9184DA91500BA6F5D /* Release */,
			);
			defaultConfigurationIsVisible = 0;
			defaultConfigurationName = Release;
		};
		602BD8CA184DA91500BA6F5D /* Build configuration list for PBXNativeTarget "Singleton" */ = {
			isa = XCConfigurationList;
			buildConfigurations = (
				602BD8CB184DA91500BA6F5D /* Debug */,
				602BD8CC184DA91500BA6F5D /* Release */,
			);
			defaultConfigurationIsVisible = 0;
			defaultConfigurationName = Release;
		};
/* End XCConfigurationList section */
	};
	rootObject = 602BD8B4184DA91500BA6F5D /* Project object */;
}
