// !$*UTF8*$!
{
	archiveVersion = 1;
	classes = {
	};
	objectVersion = 46;
	objects = {

/* Begin PBXBuildFile section */
		60FF32911861813800E930E2 /* Foundation.framework in Frameworks */ = {isa = PBXBuildFile; fileRef = 60FF32901861813800E930E2 /* Foundation.framework */; };
		60FF32941861813800E930E2 /* main.m in Sources */ = {isa = PBXBuildFile; fileRef = 60FF32931861813800E930E2 /* main.m */; };
		60FF32A31861815300E930E2 /* Adaptee.m in Sources */ = {isa = PBXBuildFile; fileRef = 60FF329F1861815300E930E2 /* Adaptee.m */; };
		60FF32A41861815300E930E2 /* Adapter.m in Sources */ = {isa = PBXBuildFile; fileRef = 60FF32A11861815300E930E2 /* Adapter.m */; };
/* End PBXBuildFile section */

/* Begin PBXCopyFilesBuildPhase section */
		60FF328B1861813800E930E2 /* CopyFiles */ = {
			isa = PBXCopyFilesBuildPhase;
			buildActionMask = 2147483647;
			dstPath = /usr/share/man/man1/;
			dstSubfolderSpec = 0;
			files = (
			);
			runOnlyForDeploymentPostprocessing = 1;
		};
/* End PBXCopyFilesBuildPhase section */

/* Begin PBXFileReference section */
		60FF328D1861813800E930E2 /* ClassAdapter */ = {isa = PBXFileReference; explicitFileType = "compiled.mach-o.executable"; includeInIndex = 0; path = ClassAdapter; sourceTree = BUILT_PRODUCTS_DIR; };
		60FF32901861813800E930E2 /* Foundation.framework */ = {isa = PBXFileReference; lastKnownFileType = wrapper.framework; name = Foundation.framework; path = System/Library/Frameworks/Foundation.framework; sourceTree = SDKROOT; };
		60FF32931861813800E930E2 /* main.m */ = {isa = PBXFileReference; lastKnownFileType = sourcecode.c.objc; path = main.m; sourceTree = "<group>"; };
		60FF32961861813800E930E2 /* ClassAdapter-Prefix.pch */ = {isa = PBXFileReference; lastKnownFileType = sourcecode.c.h; path = "ClassAdapter-Prefix.pch"; sourceTree = "<group>"; };
		60FF329E1861815300E930E2 /* Adaptee.h */ = {isa = PBXFileReference; fileEncoding = 4; lastKnownFileType = sourcecode.c.h; path = Adaptee.h; sourceTree = "<group>"; };
		60FF329F1861815300E930E2 /* Adaptee.m */ = {isa = PBXFileReference; fileEncoding = 4; lastKnownFileType = sourcecode.c.objc; path = Adaptee.m; sourceTree = "<group>"; };
		60FF32A01861815300E930E2 /* Adapter.h */ = {isa = PBXFileReference; fileEncoding = 4; lastKnownFileType = sourcecode.c.h; path = Adapter.h; sourceTree = "<group>"; };
		60FF32A11861815300E930E2 /* Adapter.m */ = {isa = PBXFileReference; fileEncoding = 4; lastKnownFileType = sourcecode.c.objc; path = Adapter.m; sourceTree = "<group>"; };
		60FF32A21861815300E930E2 /* Target.h */ = {isa = PBXFileReference; fileEncoding = 4; lastKnownFileType = sourcecode.c.h; path = Target.h; sourceTree = "<group>"; };
/* End PBXFileReference section */

/* Begin PBXFrameworksBuildPhase section */
		60FF328A1861813800E930E2 /* Frameworks */ = {
			isa = PBXFrameworksBuildPhase;
			buildActionMask = 2147483647;
			files = (
				60FF32911861813800E930E2 /* Foundation.framework in Frameworks */,
			);
			runOnlyForDeploymentPostprocessing = 0;
		};
/* End PBXFrameworksBuildPhase section */

/* Begin PBXGroup section */
		60FF32841861813800E930E2 = {
			isa = PBXGroup;
			children = (
				60FF32921861813800E930E2 /* ClassAdapter */,
				60FF328F1861813800E930E2 /* Frameworks */,
				60FF328E1861813800E930E2 /* Products */,
			);
			sourceTree = "<group>";
		};
		60FF328E1861813800E930E2 /* Products */ = {
			isa = PBXGroup;
			children = (
				60FF328D1861813800E930E2 /* ClassAdapter */,
			);
			name = Products;
			sourceTree = "<group>";
		};
		60FF328F1861813800E930E2 /* Frameworks */ = {
			isa = PBXGroup;
			children = (
				60FF32901861813800E930E2 /* Foundation.framework */,
			);
			name = Frameworks;
			sourceTree = "<group>";
		};
		60FF32921861813800E930E2 /* ClassAdapter */ = {
			isa = PBXGroup;
			children = (
				60FF329E1861815300E930E2 /* Adaptee.h */,
				60FF329F1861815300E930E2 /* Adaptee.m */,
				60FF32A01861815300E930E2 /* Adapter.h */,
				60FF32A11861815300E930E2 /* Adapter.m */,
				60FF32A21861815300E930E2 /* Target.h */,
				60FF32931861813800E930E2 /* main.m */,
				60FF32951861813800E930E2 /* Supporting Files */,
			);
			path = ClassAdapter;
			sourceTree = "<group>";
		};
		60FF32951861813800E930E2 /* Supporting Files */ = {
			isa = PBXGroup;
			children = (
				60FF32961861813800E930E2 /* ClassAdapter-Prefix.pch */,
			);
			name = "Supporting Files";
			sourceTree = "<group>";
		};
/* End PBXGroup section */

/* Begin PBXNativeTarget section */
		60FF328C1861813800E930E2 /* ClassAdapter */ = {
			isa = PBXNativeTarget;
			buildConfigurationList = 60FF329B1861813800E930E2 /* Build configuration list for PBXNativeTarget "ClassAdapter" */;
			buildPhases = (
				60FF32891861813800E930E2 /* Sources */,
				60FF328A1861813800E930E2 /* Frameworks */,
				60FF328B1861813800E930E2 /* CopyFiles */,
			);
			buildRules = (
			);
			dependencies = (
			);
			name = ClassAdapter;
			productName = ClassAdapter;
			productReference = 60FF328D1861813800E930E2 /* ClassAdapter */;
			productType = "com.apple.product-type.tool";
		};
/* End PBXNativeTarget section */

/* Begin PBXProject section */
		60FF32851861813800E930E2 /* Project object */ = {
			isa = PBXProject;
			attributes = {
				LastUpgradeCheck = 0460;
				ORGANIZATIONNAME = yonyou;
			};
			buildConfigurationList = 60FF32881861813800E930E2 /* Build configuration list for PBXProject "ClassAdapter" */;
			compatibilityVersion = "Xcode 3.2";
			developmentRegion = English;
			hasScannedForEncodings = 0;
			knownRegions = (
				en,
			);
			mainGroup = 60FF32841861813800E930E2;
			productRefGroup = 60FF328E1861813800E930E2 /* Products */;
			projectDirPath = "";
			projectRoot = "";
			targets = (
				60FF328C1861813800E930E2 /* ClassAdapter */,
			);
		};
/* End PBXProject section */

/* Begin PBXSourcesBuildPhase section */
		60FF32891861813800E930E2 /* Sources */ = {
			isa = PBXSourcesBuildPhase;
			buildActionMask = 2147483647;
			files = (
				60FF32941861813800E930E2 /* main.m in Sources */,
				60FF32A31861815300E930E2 /* Adaptee.m in Sources */,
				60FF32A41861815300E930E2 /* Adapter.m in Sources */,
			);
			runOnlyForDeploymentPostprocessing = 0;
		};
/* End PBXSourcesBuildPhase section */

/* Begin XCBuildConfiguration section */
		60FF32991861813800E930E2 /* Debug */ = {
			isa = XCBuildConfiguration;
			buildSettings = {
				ALWAYS_SEARCH_USER_PATHS = NO;
				ARCHS = "$(ARCHS_STANDARD_64_BIT)";
				CLANG_CXX_LANGUAGE_STANDARD = "gnu++0x";
				CLANG_CXX_LIBRARY = "libc++";
				CLANG_WARN_CONSTANT_CONVERSION = YES;
				CLANG_WARN_EMPTY_BODY = YES;
				CLANG_WARN_ENUM_CONVERSION = YES;
				CLANG_WARN_INT_CONVERSION = YES;
				CLANG_WARN__DUPLICATE_METHOD_MATCH = YES;
				COPY_PHASE_STRIP = NO;
				GCC_C_LANGUAGE_STANDARD = gnu99;
				GCC_DYNAMIC_NO_PIC = NO;
				GCC_ENABLE_OBJC_EXCEPTIONS = YES;
				GCC_OPTIMIZATION_LEVEL = 0;
				GCC_PREPROCESSOR_DEFINITIONS = (
					"DEBUG=1",
					"$(inherited)",
				);
				GCC_SYMBOLS_PRIVATE_EXTERN = NO;
				GCC_WARN_64_TO_32_BIT_CONVERSION = YES;
				GCC_WARN_ABOUT_RETURN_TYPE = YES;
				GCC_WARN_UNINITIALIZED_AUTOS = YES;
				GCC_WARN_UNUSED_VARIABLE = YES;
				MACOSX_DEPLOYMENT_TARGET = 10.7;
				ONLY_ACTIVE_ARCH = YES;
				SDKROOT = macosx;
			};
			name = Debug;
		};
		60FF329A1861813800E930E2 /* Release */ = {
			isa = XCBuildConfiguration;
			buildSettings = {
				ALWAYS_SEARCH_USER_PATHS = NO;
				ARCHS = "$(ARCHS_STANDARD_64_BIT)";
				CLANG_CXX_LANGUAGE_STANDARD = "gnu++0x";
				CLANG_CXX_LIBRARY = "libc++";
				CLANG_WARN_CONSTANT_CONVERSION = YES;
				CLANG_WARN_EMPTY_BODY = YES;
				CLANG_WARN_ENUM_CONVERSION = YES;
				CLANG_WARN_INT_CONVERSION = YES;
				CLANG_WARN__DUPLICATE_METHOD_MATCH = YES;
				COPY_PHASE_STRIP = YES;
				DEBUG_INFORMATION_FORMAT = "dwarf-with-dsym";
				GCC_C_LANGUAGE_STANDARD = gnu99;
				GCC_ENABLE_OBJC_EXCEPTIONS = YES;
				GCC_WARN_64_TO_32_BIT_CONVERSION = YES;
				GCC_WARN_ABOUT_RETURN_TYPE = YES;
				GCC_WARN_UNINITIALIZED_AUTOS = YES;
				GCC_WARN_UNUSED_VARIABLE = YES;
				MACOSX_DEPLOYMENT_TARGET = 10.7;
				SDKROOT = macosx;
			};
			name = Release;
		};
		60FF329C1861813800E930E2 /* Debug */ = {
			isa = XCBuildConfiguration;
			buildSettings = {
				GCC_PRECOMPILE_PREFIX_HEADER = YES;
				GCC_PREFIX_HEADER = "ClassAdapter/ClassAdapter-Prefix.pch";
				PRODUCT_NAME = "$(TARGET_NAME)";
			};
			name = Debug;
		};
		60FF329D1861813800E930E2 /* Release */ = {
			isa = XCBuildConfiguration;
			buildSettings = {
				GCC_PRECOMPILE_PREFIX_HEADER = YES;
				GCC_PREFIX_HEADER = "ClassAdapter/ClassAdapter-Prefix.pch";
				PRODUCT_NAME = "$(TARGET_NAME)";
			};
			name = Release;
		};
/* End XCBuildConfiguration section */

/* Begin XCConfigurationList section */
		60FF32881861813800E930E2 /* Build configuration list for PBXProject "ClassAdapter" */ = {
			isa = XCConfigurationList;
			buildConfigurations = (
				60FF32991861813800E930E2 /* Debug */,
				60FF329A1861813800E930E2 /* Release */,
			);
			defaultConfigurationIsVisible = 0;
			defaultConfigurationName = Release;
		};
		60FF329B1861813800E930E2 /* Build configuration list for PBXNativeTarget "ClassAdapter" */ = {
			isa = XCConfigurationList;
			buildConfigurations = (
				60FF329C1861813800E930E2 /* Debug */,
				60FF329D1861813800E930E2 /* Release */,
			);
			defaultConfigurationIsVisible = 0;
			defaultConfigurationName = Release;
		};
/* End XCConfigurationList section */
	};
	rootObject = 60FF32851861813800E930E2 /* Project object */;
}
